
Microsoft Visual Studio Solution File, Format Version 12.00
# Visual Studio Version 17
VisualStudioVersion = 17.5.33627.172
MinimumVisualStudioVersion = 10.0.40219.1
Project("{8BC9CEB8-8B4A-11D0-8D11-00A0C91BC942}") = "SavingClassInline", "SavingClassInline.vcxproj", "{4A82ED27-403B-4F8A-A596-C1AE7FEB3F8A}"
EndProject
Global
	GlobalSection(SolutionConfigurationPlatforms) = preSolution
		Debug|x64 = Debug|x64
		Debug|x86 = Debug|x86
		Release|x64 = Release|x64
		Release|x86 = Release|x86
	EndGlobalSection
	GlobalSection(ProjectConfigurationPlatforms) = postSolution
		{4A82ED27-403B-4F8A-A596-C1AE7FEB3F8A}.Debug|x64.ActiveCfg = Debug|x64
		{4A82ED27-403B-4F8A-A596-C1AE7FEB3F8A}.Debug|x64.Build.0 = Debug|x64
		{4A82ED27-403B-4F8A-A596-C1AE7FEB3F8A}.Debug|x86.ActiveCfg = Debug|Win32
		{4A82ED27-403B-4F8A-A596-C1AE7FEB3F8A}.Debug|x86.Build.0 = Debug|Win32
		{4A82ED27-403B-4F8A-A596-C1AE7FEB3F8A}.Release|x64.ActiveCfg = Release|x64
		{4A82ED27-403B-4F8A-A596-C1AE7FEB3F8A}.Release|x64.Build.0 = Release|x64
		{4A82ED27-403B-4F8A-A596-C1AE7FEB3F8A}.Release|x86.ActiveCfg = Release|Win32
		{4A82ED27-403B-4F8A-A596-C1AE7FEB3F8A}.Release|x86.Build.0 = Release|Win32
	EndGlobalSection
	GlobalSection(SolutionProperties) = preSolution
		HideSolutionNode = FALSE
	EndGlobalSection
	GlobalSection(ExtensibilityGlobals) = postSolution
		SolutionGuid = {EEDE5C9F-7D73-444C-A6F5-204D4AC3B85D}
	EndGlobalSection
EndGlobal
