
Microsoft Visual Studio Solution File, Format Version 12.00
# Visual Studio Version 17
VisualStudioVersion = 17.5.33627.172
MinimumVisualStudioVersion = 10.0.40219.1
Project("{8BC9CEB8-8B4A-11D0-8D11-00A0C91BC942}") = "ObjPtr", "ObjPtr.vcxproj", "{6BBE046E-54D8-485C-994B-190B231E5C94}"
EndProject
Global
	GlobalSection(SolutionConfigurationPlatforms) = preSolution
		Debug|x64 = Debug|x64
		Debug|x86 = Debug|x86
		Release|x64 = Release|x64
		Release|x86 = Release|x86
	EndGlobalSection
	GlobalSection(ProjectConfigurationPlatforms) = postSolution
		{6BBE046E-54D8-485C-994B-190B231E5C94}.Debug|x64.ActiveCfg = Debug|x64
		{6BBE046E-54D8-485C-994B-190B231E5C94}.Debug|x64.Build.0 = Debug|x64
		{6BBE046E-54D8-485C-994B-190B231E5C94}.Debug|x86.ActiveCfg = Debug|Win32
		{6BBE046E-54D8-485C-994B-190B231E5C94}.Debug|x86.Build.0 = Debug|Win32
		{6BBE046E-54D8-485C-994B-190B231E5C94}.Release|x64.ActiveCfg = Release|x64
		{6BBE046E-54D8-485C-994B-190B231E5C94}.Release|x64.Build.0 = Release|x64
		{6BBE046E-54D8-485C-994B-190B231E5C94}.Release|x86.ActiveCfg = Release|Win32
		{6BBE046E-54D8-485C-994B-190B231E5C94}.Release|x86.Build.0 = Release|Win32
	EndGlobalSection
	GlobalSection(SolutionProperties) = preSolution
		HideSolutionNode = FALSE
	EndGlobalSection
	GlobalSection(ExtensibilityGlobals) = postSolution
		SolutionGuid = {14E6AA4D-30D8-4037-AA0F-CFADF2DD2A64}
	EndGlobalSection
EndGlobal
